
Microsoft Visual Studio Solution File, Format Version 12.00
# Visual Studio Version 16
VisualStudioVersion = 16.0.29306.81
MinimumVisualStudioVersion = 10.0.40219.1
Project("{FAE04EC0-301F-11D3-BF4B-00C04F79EFBC}") = "SHA256", "SHA256.csproj", "{C765AA4D-A8A0-49E5-9291-C104937B2DB9}"
EndProject
Global
	GlobalSection(SolutionConfigurationPlatforms) = preSolution
		Debug|Any CPU = Debug|Any CPU
		Release|Any CPU = Release|Any CPU
	EndGlobalSection
	GlobalSection(ProjectConfigurationPlatforms) = postSolution
		{C765AA4D-A8A0-49E5-9291-C104937B2DB9}.Debug|Any CPU.ActiveCfg = Debug|Any CPU
		{C765AA4D-A8A0-49E5-9291-C104937B2DB9}.Debug|Any CPU.Build.0 = Debug|Any CPU
		{C765AA4D-A8A0-49E5-9291-C104937B2DB9}.Release|Any CPU.ActiveCfg = Release|Any CPU
		{C765AA4D-A8A0-49E5-9291-C104937B2DB9}.Release|Any CPU.Build.0 = Release|Any CPU
	EndGlobalSection
	GlobalSection(SolutionProperties) = preSolution
		HideSolutionNode = FALSE
	EndGlobalSection
	GlobalSection(ExtensibilityGlobals) = postSolution
		SolutionGuid = {0B1ED991-ED7E-4C98-B27D-A73AF5731097}
	EndGlobalSection
EndGlobal
